
Microsoft Visual Studio Solution File, Format Version 12.00
# Visual Studio Version 17
VisualStudioVersion = 17.5.33424.131
MinimumVisualStudioVersion = 10.0.40219.1
Project("{8BC9CEB8-8B4A-11D0-8D11-00A0C91BC942}") = "latihan4_204", "latihan4_204\latihan4_204.vcxproj", "{0676F402-597E-4282-AB6B-6FAE011E8748}"
EndProject
Project("{8BC9CEB8-8B4A-11D0-8D11-00A0C91BC942}") = "Latihan5_204", "..\Latihan5_204\Latihan5_204.vcxproj", "{3CEC9373-AF1E-4D6A-B516-A6A9D9620FB1}"
EndProject
Global
	GlobalSection(SolutionConfigurationPlatforms) = preSolution
		Debug|x64 = Debug|x64
		Debug|x86 = Debug|x86
		Release|x64 = Release|x64
		Release|x86 = Release|x86
	EndGlobalSection
	GlobalSection(ProjectConfigurationPlatforms) = postSolution
		{0676F402-597E-4282-AB6B-6FAE011E8748}.Debug|x64.ActiveCfg = Debug|x64
		{0676F402-597E-4282-AB6B-6FAE011E8748}.Debug|x64.Build.0 = Debug|x64
		{0676F402-597E-4282-AB6B-6FAE011E8748}.Debug|x86.ActiveCfg = Debug|Win32
		{0676F402-597E-4282-AB6B-6FAE011E8748}.Debug|x86.Build.0 = Debug|Win32
		{0676F402-597E-4282-AB6B-6FAE011E8748}.Release|x64.ActiveCfg = Release|x64
		{0676F402-597E-4282-AB6B-6FAE011E8748}.Release|x64.Build.0 = Release|x64
		{0676F402-597E-4282-AB6B-6FAE011E8748}.Release|x86.ActiveCfg = Release|Win32
		{0676F402-597E-4282-AB6B-6FAE011E8748}.Release|x86.Build.0 = Release|Win32
		{3CEC9373-AF1E-4D6A-B516-A6A9D9620FB1}.Debug|x64.ActiveCfg = Debug|x64
		{3CEC9373-AF1E-4D6A-B516-A6A9D9620FB1}.Debug|x64.Build.0 = Debug|x64
		{3CEC9373-AF1E-4D6A-B516-A6A9D9620FB1}.Debug|x86.ActiveCfg = Debug|Win32
		{3CEC9373-AF1E-4D6A-B516-A6A9D9620FB1}.Debug|x86.Build.0 = Debug|Win32
		{3CEC9373-AF1E-4D6A-B516-A6A9D9620FB1}.Release|x64.ActiveCfg = Release|x64
		{3CEC9373-AF1E-4D6A-B516-A6A9D9620FB1}.Release|x64.Build.0 = Release|x64
		{3CEC9373-AF1E-4D6A-B516-A6A9D9620FB1}.Release|x86.ActiveCfg = Release|Win32
		{3CEC9373-AF1E-4D6A-B516-A6A9D9620FB1}.Release|x86.Build.0 = Release|Win32
	EndGlobalSection
	GlobalSection(SolutionProperties) = preSolution
		HideSolutionNode = FALSE
	EndGlobalSection
	GlobalSection(ExtensibilityGlobals) = postSolution
		SolutionGuid = {DFC6F1A5-9872-455D-A78C-A741D3450493}
	EndGlobalSection
EndGlobal
